<?xml version="1.0" encoding="utf-8"?>
<Project ToolsVersion="4.0" xmlns="http://schemas.microsoft.com/developer/msbuild/2003">
  <ItemGroup>
    <Filter Include="源文件">
      <UniqueIdentifier>{4FC737F1-C7A5-4376-A066-2A32D752A2FF}</UniqueIdentifier>
      <Extensions>cpp;c;cc;cxx;def;odl;idl;hpj;bat;asm;asmx</Extensions>
    </Filter>
    <Filter Include="头文件">
      <UniqueIdentifier>{93995380-89BD-4b04-88EB-625FBE52EBFB}</UniqueIdentifier>
      <Extensions>h;hh;hpp;hxx;hm;inl;inc;xsd</Extensions>
    </Filter>
    <Filter Include="资源文件">
      <UniqueIdentifier>{67DA6AB6-F800-4c08-8B7A-83BB121AAD01}</UniqueIdentifier>
      <Extensions>rc;ico;cur;bmp;dlg;rc2;rct;bin;rgs;gif;jpg;jpeg;jpe;resx;tiff;tif;png;wav;mfcribbon-ms</Extensions>
    </Filter>
    <Filter Include="头文件\IocpBase">
      <UniqueIdentifier>{79b9c5a4-18cc-433a-b278-e96d92c9fab0}</UniqueIdentifier>
    </Filter>
    <Filter Include="源文件\IocpBase">
      <UniqueIdentifier>{cdaf5b6d-5b2a-48eb-b05a-642cea01ce60}</UniqueIdentifier>
    </Filter>
    <Filter Include="源文件\ThreadPool">
      <UniqueIdentifier>{9785ebd8-6d1c-4f76-912b-d3cf6471b6d2}</UniqueIdentifier>
    </Filter>
    <Filter Include="头文件\AsyNetThreadPool">
      <UniqueIdentifier>{9d48317d-1e3f-4a46-be4b-5e98cbc8207f}</UniqueIdentifier>
    </Filter>
  </ItemGroup>
  <ItemGroup>
    <Text Include="ReadMe.txt" />
  </ItemGroup>
  <ItemGroup>
    <ClInclude Include="stdafx.h">
      <Filter>头文件</Filter>
    </ClInclude>
    <ClInclude Include="targetver.h">
      <Filter>头文件</Filter>
    </ClInclude>
    <ClInclude Include="IocpBase\IocpBase.h">
      <Filter>头文件\IocpBase</Filter>
    </ClInclude>
    <ClInclude Include="AsyNetThreadPool\ThreadPoolBase.h">
      <Filter>头文件\AsyNetThreadPool</Filter>
    </ClInclude>
    <ClInclude Include="AsyNetThreadPool\AsyNetThreadPool.h">
      <Filter>头文件\AsyNetThreadPool</Filter>
    </ClInclude>
  </ItemGroup>
  <ItemGroup>
    <ClCompile Include="stdafx.cpp">
      <Filter>源文件</Filter>
    </ClCompile>
    <ClCompile Include="IocpBase\IocpBase.cpp">
      <Filter>源文件\IocpBase</Filter>
    </ClCompile>
    <ClCompile Include="AsyNetThreadPool\AsyNetThreadPool.cpp">
      <Filter>源文件\ThreadPool</Filter>
    </ClCompile>
  </ItemGroup>
</Project>